{
  "name": "dr-datadump",
  "version": "1.0.0",
  "lockfileVersion": 2,
  "requires": true,
  "packages": {
    "": {
      "version": "1.0.0",
      "license": "MIT",
      "dependencies": {
        "midi-parser": "^1.0.1",
        "yaml": "^1.10.2"
      }
    },
    "node_modules/midi-parser": {
      "version": "1.0.1",
      "integrity": "sha512-7nHGe9Q4pSpTGhsOozcvmRqGCYimsSq2LQlotO1MUipsO3vLSROVu81Ec3IXjFqGvkuNtGnogiNBCZaK1LLUeQ=="
    },
    "node_modules/yaml": {
      "version": "1.10.2",
      "integrity": "sha512-r3vXyErRCYJ7wg28yvBY5VSoAF8ZvlcW9/BwUzEtUsjvX/DKs24dIkuwjtuprwJJHsbyUbLApepYTR1BN4uHrg==",
      "engines": {
        "node": ">= 6"
      }
    }
  },
  "dependencies": {
    "midi-parser": {
      "version": "1.0.1"
    },
    "yaml": {
      "version": "1.10.2"
    }
  }
}
