# THIS IS AN AUTOGENERATED FILE. DO NOT EDIT THIS FILE DIRECTLY.
# yarn lockfile v1


hex@^0.1.0:
  version "0.1.0"
  resolved "https://registry.yarnpkg.com/hex/-/hex-0.1.0.tgz#012299fb30a65953a093bbbcf529e978430fc485"
  integrity sha1-ASKZ+zCmWVOgk7u89SnpeEMPxIU=

midi-parser@^1.0.1:
  version "1.0.1"
  resolved "https://registry.yarnpkg.com/midi-parser/-/midi-parser-1.0.1.tgz#299fdbab951ae1f57ce75f465d2708f715263296"
  integrity sha512-7nHGe9Q4pSpTGhsOozcvmRqGCYimsSq2LQlotO1MUipsO3vLSROVu81Ec3IXjFqGvkuNtGnogiNBCZaK1LLUeQ==
